
Microsoft Visual Studio Solution File, Format Version 12.00
# Visual Studio Version 17
VisualStudioVersion = 17.8.34330.188
MinimumVisualStudioVersion = 10.0.40219.1
Project("{9A19103F-16F7-4668-BE54-9A1E7A4F7556}") = "BizBorrowDiary.Api", "BizBorrowDiary.Api.csproj", "{D55E8F46-EC57-4C3A-BA9C-9FB7852F9146}"
EndProject
Project("{FAE04EC0-301F-11D3-BF4B-00C04F79EFBC}") = "BizBorrowDiary.Database", "..\BizBorrowDiary.Database\BizBorrowDiary.Database.csproj", "{167E6030-F15E-4155-9599-5A6065A6A399}"
EndProject
Global
	GlobalSection(SolutionConfigurationPlatforms) = preSolution
		Debug|Any CPU = Debug|Any CPU
		Release|Any CPU = Release|Any CPU
	EndGlobalSection
	GlobalSection(ProjectConfigurationPlatforms) = postSolution
		{D55E8F46-EC57-4C3A-BA9C-9FB7852F9146}.Debug|Any CPU.ActiveCfg = Debug|Any CPU
		{D55E8F46-EC57-4C3A-BA9C-9FB7852F9146}.Debug|Any CPU.Build.0 = Debug|Any CPU
		{D55E8F46-EC57-4C3A-BA9C-9FB7852F9146}.Release|Any CPU.ActiveCfg = Release|Any CPU
		{D55E8F46-EC57-4C3A-BA9C-9FB7852F9146}.Release|Any CPU.Build.0 = Release|Any CPU
		{167E6030-F15E-4155-9599-5A6065A6A399}.Debug|Any CPU.ActiveCfg = Debug|Any CPU
		{167E6030-F15E-4155-9599-5A6065A6A399}.Debug|Any CPU.Build.0 = Debug|Any CPU
		{167E6030-F15E-4155-9599-5A6065A6A399}.Release|Any CPU.ActiveCfg = Release|Any CPU
		{167E6030-F15E-4155-9599-5A6065A6A399}.Release|Any CPU.Build.0 = Release|Any CPU
	EndGlobalSection
	GlobalSection(SolutionProperties) = preSolution
		HideSolutionNode = FALSE
	EndGlobalSection
	GlobalSection(ExtensibilityGlobals) = postSolution
		SolutionGuid = {C8A5741E-79C1-4E8B-AD25-B3D3E074C231}
	EndGlobalSection
EndGlobal
